
Microsoft Visual Studio Solution File, Format Version 12.00
# Visual Studio Version 17
VisualStudioVersion = 17.14.36518.9 d17.14
MinimumVisualStudioVersion = 10.0.40219.1
Project("{FAE04EC0-301F-11D3-BF4B-00C04F79EFBC}") = "habitTrackerProject", "habitTrackerProject\habitTrackerProject.csproj", "{D8EF723A-B08D-4846-8AF3-E02BB8290360}"
EndProject
Global
	GlobalSection(SolutionConfigurationPlatforms) = preSolution
		Debug|Any CPU = Debug|Any CPU
		Release|Any CPU = Release|Any CPU
	EndGlobalSection
	GlobalSection(ProjectConfigurationPlatforms) = postSolution
		{D8EF723A-B08D-4846-8AF3-E02BB8290360}.Debug|Any CPU.ActiveCfg = Debug|Any CPU
		{D8EF723A-B08D-4846-8AF3-E02BB8290360}.Debug|Any CPU.Build.0 = Debug|Any CPU
		{D8EF723A-B08D-4846-8AF3-E02BB8290360}.Release|Any CPU.ActiveCfg = Release|Any CPU
		{D8EF723A-B08D-4846-8AF3-E02BB8290360}.Release|Any CPU.Build.0 = Release|Any CPU
	EndGlobalSection
	GlobalSection(SolutionProperties) = preSolution
		HideSolutionNode = FALSE
	EndGlobalSection
	GlobalSection(ExtensibilityGlobals) = postSolution
		SolutionGuid = {4C80CBB6-4064-41FE-AF31-F30513531282}
	EndGlobalSection
EndGlobal
